
Microsoft Visual Studio Solution File, Format Version 12.00
# Visual Studio Version 16
VisualStudioVersion = 16.0.28803.352
MinimumVisualStudioVersion = 10.0.40219.1
Project("{2150E333-8FDC-42A3-9474-1A3956D46DE8}") = "System.Motion", "System.Motion", "{8E245085-1EAB-4E7F-B6D0-E7382C53154F}"
EndProject
Project("{FAE04EC0-301F-11D3-BF4B-00C04F79EFBC}") = "Motion.AdlinkAps", "System.Motion\AdlinkAps\Motion.AdlinkAps.csproj", "{4E5618BE-0EE1-4760-B939-893A31EFDF8F}"
EndProject
Project("{FAE04EC0-301F-11D3-BF4B-00C04F79EFBC}") = "Motion.AdlinkDash", "System.Motion\AdlinkDash\Motion.AdlinkDash.csproj", "{16D0B02C-7859-44AA-B07D-705BF8F22B8C}"
EndProject
Project("{FAE04EC0-301F-11D3-BF4B-00C04F79EFBC}") = "System.Database", "System.Database\System.Database.csproj", "{C54A1140-3F51-450A-A813-B556679934A8}"
EndProject
Project("{FAE04EC0-301F-11D3-BF4B-00C04F79EFBC}") = "System.Device", "System.Device\System.Device.csproj", "{EEC0ED61-1D8A-4160-A45A-00268172BEC9}"
EndProject
Project("{FAE04EC0-301F-11D3-BF4B-00C04F79EFBC}") = "Motion.Enginee", "System.Motion\Enginee\Motion.Enginee.csproj", "{BF2FB01D-3D28-42F1-907E-7DE72433784F}"
EndProject
Project("{FAE04EC0-301F-11D3-BF4B-00C04F79EFBC}") = "Motion.Interfaces", "System.Motion\Interfaces\Motion.Interfaces.csproj", "{E87BBF52-F612-40BB-AD3D-D6A20FD635B1}"
EndProject
Project("{FAE04EC0-301F-11D3-BF4B-00C04F79EFBC}") = "desay", "desay\desay.csproj", "{1DB8C1E9-E03F-486D-AEDC-BB9E2ABB90B7}"
EndProject
Project("{2150E333-8FDC-42A3-9474-1A3956D46DE8}") = "Framework", "Framework", "{E7364685-EE18-4F80-A411-66809A4039AA}"
EndProject
Project("{FAE04EC0-301F-11D3-BF4B-00C04F79EFBC}") = "System.Crosscutting", "Framework\System.Crosscutting\System.Crosscutting.csproj", "{207C5B72-0E68-4BB5-8449-F8AABC3A5AE6}"
EndProject
Project("{FAE04EC0-301F-11D3-BF4B-00C04F79EFBC}") = "System.Domain", "Framework\System.Domain\System.Domain.csproj", "{2DB22CFB-9121-42AC-8915-F2BD5FAD50E8}"
EndProject
Project("{FAE04EC0-301F-11D3-BF4B-00C04F79EFBC}") = "System.Patterns", "Framework\System.Patterns\System.Patterns.csproj", "{1E64450C-0DE5-404C-9D68-D084302EEC1A}"
EndProject
Project("{FAE04EC0-301F-11D3-BF4B-00C04F79EFBC}") = "System.Platform", "Framework\System.Platform\System.Platform.csproj", "{27B67DFE-0BF1-4435-B036-E4C083EAEA03}"
EndProject
Project("{FAE04EC0-301F-11D3-BF4B-00C04F79EFBC}") = "System.Toolkit", "Framework\System.Toolkit\System.Toolkit.csproj", "{C4277B2A-A208-43D2-B6C8-66510B3EB016}"
EndProject
Global
	GlobalSection(SolutionConfigurationPlatforms) = preSolution
		Debug|Any CPU = Debug|Any CPU
		Debug|x64 = Debug|x64
		Debug|x86 = Debug|x86
		Release|Any CPU = Release|Any CPU
		Release|x64 = Release|x64
		Release|x86 = Release|x86
	EndGlobalSection
	GlobalSection(ProjectConfigurationPlatforms) = postSolution
		{4E5618BE-0EE1-4760-B939-893A31EFDF8F}.Debug|Any CPU.ActiveCfg = Debug|Any CPU
		{4E5618BE-0EE1-4760-B939-893A31EFDF8F}.Debug|Any CPU.Build.0 = Debug|Any CPU
		{4E5618BE-0EE1-4760-B939-893A31EFDF8F}.Debug|x64.ActiveCfg = Debug|x64
		{4E5618BE-0EE1-4760-B939-893A31EFDF8F}.Debug|x64.Build.0 = Debug|x64
		{4E5618BE-0EE1-4760-B939-893A31EFDF8F}.Debug|x86.ActiveCfg = Debug|Any CPU
		{4E5618BE-0EE1-4760-B939-893A31EFDF8F}.Debug|x86.Build.0 = Debug|Any CPU
		{4E5618BE-0EE1-4760-B939-893A31EFDF8F}.Release|Any CPU.ActiveCfg = Release|Any CPU
		{4E5618BE-0EE1-4760-B939-893A31EFDF8F}.Release|Any CPU.Build.0 = Release|Any CPU
		{4E5618BE-0EE1-4760-B939-893A31EFDF8F}.Release|Any CPU.Deploy.0 = Release|Any CPU
		{4E5618BE-0EE1-4760-B939-893A31EFDF8F}.Release|x64.ActiveCfg = Release|x64
		{4E5618BE-0EE1-4760-B939-893A31EFDF8F}.Release|x64.Build.0 = Release|x64
		{4E5618BE-0EE1-4760-B939-893A31EFDF8F}.Release|x86.ActiveCfg = Release|Any CPU
		{4E5618BE-0EE1-4760-B939-893A31EFDF8F}.Release|x86.Build.0 = Release|Any CPU
		{16D0B02C-7859-44AA-B07D-705BF8F22B8C}.Debug|Any CPU.ActiveCfg = Debug|Any CPU
		{16D0B02C-7859-44AA-B07D-705BF8F22B8C}.Debug|Any CPU.Build.0 = Debug|Any CPU
		{16D0B02C-7859-44AA-B07D-705BF8F22B8C}.Debug|x64.ActiveCfg = Debug|x64
		{16D0B02C-7859-44AA-B07D-705BF8F22B8C}.Debug|x64.Build.0 = Debug|x64
		{16D0B02C-7859-44AA-B07D-705BF8F22B8C}.Debug|x86.ActiveCfg = Debug|Any CPU
		{16D0B02C-7859-44AA-B07D-705BF8F22B8C}.Debug|x86.Build.0 = Debug|Any CPU
		{16D0B02C-7859-44AA-B07D-705BF8F22B8C}.Release|Any CPU.ActiveCfg = Release|Any CPU
		{16D0B02C-7859-44AA-B07D-705BF8F22B8C}.Release|Any CPU.Build.0 = Release|Any CPU
		{16D0B02C-7859-44AA-B07D-705BF8F22B8C}.Release|Any CPU.Deploy.0 = Release|Any CPU
		{16D0B02C-7859-44AA-B07D-705BF8F22B8C}.Release|x64.ActiveCfg = Release|x64
		{16D0B02C-7859-44AA-B07D-705BF8F22B8C}.Release|x64.Build.0 = Release|x64
		{16D0B02C-7859-44AA-B07D-705BF8F22B8C}.Release|x86.ActiveCfg = Release|Any CPU
		{16D0B02C-7859-44AA-B07D-705BF8F22B8C}.Release|x86.Build.0 = Release|Any CPU
		{C54A1140-3F51-450A-A813-B556679934A8}.Debug|Any CPU.ActiveCfg = Debug|Any CPU
		{C54A1140-3F51-450A-A813-B556679934A8}.Debug|Any CPU.Build.0 = Debug|Any CPU
		{C54A1140-3F51-450A-A813-B556679934A8}.Debug|x64.ActiveCfg = Debug|x64
		{C54A1140-3F51-450A-A813-B556679934A8}.Debug|x64.Build.0 = Debug|x64
		{C54A1140-3F51-450A-A813-B556679934A8}.Debug|x86.ActiveCfg = Debug|Any CPU
		{C54A1140-3F51-450A-A813-B556679934A8}.Debug|x86.Build.0 = Debug|Any CPU
		{C54A1140-3F51-450A-A813-B556679934A8}.Release|Any CPU.ActiveCfg = Release|Any CPU
		{C54A1140-3F51-450A-A813-B556679934A8}.Release|Any CPU.Build.0 = Release|Any CPU
		{C54A1140-3F51-450A-A813-B556679934A8}.Release|Any CPU.Deploy.0 = Release|Any CPU
		{C54A1140-3F51-450A-A813-B556679934A8}.Release|x64.ActiveCfg = Release|x64
		{C54A1140-3F51-450A-A813-B556679934A8}.Release|x64.Build.0 = Release|x64
		{C54A1140-3F51-450A-A813-B556679934A8}.Release|x86.ActiveCfg = Release|Any CPU
		{C54A1140-3F51-450A-A813-B556679934A8}.Release|x86.Build.0 = Release|Any CPU
		{EEC0ED61-1D8A-4160-A45A-00268172BEC9}.Debug|Any CPU.ActiveCfg = Debug|Any CPU
		{EEC0ED61-1D8A-4160-A45A-00268172BEC9}.Debug|Any CPU.Build.0 = Debug|Any CPU
		{EEC0ED61-1D8A-4160-A45A-00268172BEC9}.Debug|x64.ActiveCfg = Debug|x64
		{EEC0ED61-1D8A-4160-A45A-00268172BEC9}.Debug|x64.Build.0 = Debug|x64
		{EEC0ED61-1D8A-4160-A45A-00268172BEC9}.Debug|x86.ActiveCfg = Debug|Any CPU
		{EEC0ED61-1D8A-4160-A45A-00268172BEC9}.Debug|x86.Build.0 = Debug|Any CPU
		{EEC0ED61-1D8A-4160-A45A-00268172BEC9}.Release|Any CPU.ActiveCfg = Release|Any CPU
		{EEC0ED61-1D8A-4160-A45A-00268172BEC9}.Release|Any CPU.Build.0 = Release|Any CPU
		{EEC0ED61-1D8A-4160-A45A-00268172BEC9}.Release|x64.ActiveCfg = Release|x64
		{EEC0ED61-1D8A-4160-A45A-00268172BEC9}.Release|x64.Build.0 = Release|x64
		{EEC0ED61-1D8A-4160-A45A-00268172BEC9}.Release|x86.ActiveCfg = Release|Any CPU
		{EEC0ED61-1D8A-4160-A45A-00268172BEC9}.Release|x86.Build.0 = Release|Any CPU
		{BF2FB01D-3D28-42F1-907E-7DE72433784F}.Debug|Any CPU.ActiveCfg = Debug|Any CPU
		{BF2FB01D-3D28-42F1-907E-7DE72433784F}.Debug|Any CPU.Build.0 = Debug|Any CPU
		{BF2FB01D-3D28-42F1-907E-7DE72433784F}.Debug|x64.ActiveCfg = Debug|x64
		{BF2FB01D-3D28-42F1-907E-7DE72433784F}.Debug|x64.Build.0 = Debug|x64
		{BF2FB01D-3D28-42F1-907E-7DE72433784F}.Debug|x86.ActiveCfg = Debug|Any CPU
		{BF2FB01D-3D28-42F1-907E-7DE72433784F}.Debug|x86.Build.0 = Debug|Any CPU
		{BF2FB01D-3D28-42F1-907E-7DE72433784F}.Release|Any CPU.ActiveCfg = Release|Any CPU
		{BF2FB01D-3D28-42F1-907E-7DE72433784F}.Release|Any CPU.Build.0 = Release|Any CPU
		{BF2FB01D-3D28-42F1-907E-7DE72433784F}.Release|x64.ActiveCfg = Release|x64
		{BF2FB01D-3D28-42F1-907E-7DE72433784F}.Release|x64.Build.0 = Release|x64
		{BF2FB01D-3D28-42F1-907E-7DE72433784F}.Release|x86.ActiveCfg = Release|Any CPU
		{BF2FB01D-3D28-42F1-907E-7DE72433784F}.Release|x86.Build.0 = Release|Any CPU
		{E87BBF52-F612-40BB-AD3D-D6A20FD635B1}.Debug|Any CPU.ActiveCfg = Debug|Any CPU
		{E87BBF52-F612-40BB-AD3D-D6A20FD635B1}.Debug|Any CPU.Build.0 = Debug|Any CPU
		{E87BBF52-F612-40BB-AD3D-D6A20FD635B1}.Debug|x64.ActiveCfg = Debug|x64
		{E87BBF52-F612-40BB-AD3D-D6A20FD635B1}.Debug|x64.Build.0 = Debug|x64
		{E87BBF52-F612-40BB-AD3D-D6A20FD635B1}.Debug|x86.ActiveCfg = Debug|Any CPU
		{E87BBF52-F612-40BB-AD3D-D6A20FD635B1}.Debug|x86.Build.0 = Debug|Any CPU
		{E87BBF52-F612-40BB-AD3D-D6A20FD635B1}.Release|Any CPU.ActiveCfg = Release|Any CPU
		{E87BBF52-F612-40BB-AD3D-D6A20FD635B1}.Release|Any CPU.Build.0 = Release|Any CPU
		{E87BBF52-F612-40BB-AD3D-D6A20FD635B1}.Release|x64.ActiveCfg = Release|x64
		{E87BBF52-F612-40BB-AD3D-D6A20FD635B1}.Release|x64.Build.0 = Release|x64
		{E87BBF52-F612-40BB-AD3D-D6A20FD635B1}.Release|x86.ActiveCfg = Release|Any CPU
		{E87BBF52-F612-40BB-AD3D-D6A20FD635B1}.Release|x86.Build.0 = Release|Any CPU
		{1DB8C1E9-E03F-486D-AEDC-BB9E2ABB90B7}.Debug|Any CPU.ActiveCfg = Debug|Any CPU
		{1DB8C1E9-E03F-486D-AEDC-BB9E2ABB90B7}.Debug|Any CPU.Build.0 = Debug|Any CPU
		{1DB8C1E9-E03F-486D-AEDC-BB9E2ABB90B7}.Debug|x64.ActiveCfg = Debug|x64
		{1DB8C1E9-E03F-486D-AEDC-BB9E2ABB90B7}.Debug|x64.Build.0 = Debug|x64
		{1DB8C1E9-E03F-486D-AEDC-BB9E2ABB90B7}.Debug|x86.ActiveCfg = Debug|Any CPU
		{1DB8C1E9-E03F-486D-AEDC-BB9E2ABB90B7}.Debug|x86.Build.0 = Debug|Any CPU
		{1DB8C1E9-E03F-486D-AEDC-BB9E2ABB90B7}.Release|Any CPU.ActiveCfg = Release|Any CPU
		{1DB8C1E9-E03F-486D-AEDC-BB9E2ABB90B7}.Release|Any CPU.Build.0 = Release|Any CPU
		{1DB8C1E9-E03F-486D-AEDC-BB9E2ABB90B7}.Release|x64.ActiveCfg = Release|x64
		{1DB8C1E9-E03F-486D-AEDC-BB9E2ABB90B7}.Release|x64.Build.0 = Release|x64
		{1DB8C1E9-E03F-486D-AEDC-BB9E2ABB90B7}.Release|x86.ActiveCfg = Release|Any CPU
		{1DB8C1E9-E03F-486D-AEDC-BB9E2ABB90B7}.Release|x86.Build.0 = Release|Any CPU
		{207C5B72-0E68-4BB5-8449-F8AABC3A5AE6}.Debug|Any CPU.ActiveCfg = Debug|Any CPU
		{207C5B72-0E68-4BB5-8449-F8AABC3A5AE6}.Debug|Any CPU.Build.0 = Debug|Any CPU
		{207C5B72-0E68-4BB5-8449-F8AABC3A5AE6}.Debug|x64.ActiveCfg = Debug|x64
		{207C5B72-0E68-4BB5-8449-F8AABC3A5AE6}.Debug|x64.Build.0 = Debug|x64
		{207C5B72-0E68-4BB5-8449-F8AABC3A5AE6}.Debug|x86.ActiveCfg = Debug|Any CPU
		{207C5B72-0E68-4BB5-8449-F8AABC3A5AE6}.Debug|x86.Build.0 = Debug|Any CPU
		{207C5B72-0E68-4BB5-8449-F8AABC3A5AE6}.Release|Any CPU.ActiveCfg = Release|Any CPU
		{207C5B72-0E68-4BB5-8449-F8AABC3A5AE6}.Release|Any CPU.Build.0 = Release|Any CPU
		{207C5B72-0E68-4BB5-8449-F8AABC3A5AE6}.Release|x64.ActiveCfg = Release|x64
		{207C5B72-0E68-4BB5-8449-F8AABC3A5AE6}.Release|x64.Build.0 = Release|x64
		{207C5B72-0E68-4BB5-8449-F8AABC3A5AE6}.Release|x86.ActiveCfg = Release|Any CPU
		{207C5B72-0E68-4BB5-8449-F8AABC3A5AE6}.Release|x86.Build.0 = Release|Any CPU
		{2DB22CFB-9121-42AC-8915-F2BD5FAD50E8}.Debug|Any CPU.ActiveCfg = Debug|Any CPU
		{2DB22CFB-9121-42AC-8915-F2BD5FAD50E8}.Debug|Any CPU.Build.0 = Debug|Any CPU
		{2DB22CFB-9121-42AC-8915-F2BD5FAD50E8}.Debug|x64.ActiveCfg = Debug|x64
		{2DB22CFB-9121-42AC-8915-F2BD5FAD50E8}.Debug|x64.Build.0 = Debug|x64
		{2DB22CFB-9121-42AC-8915-F2BD5FAD50E8}.Debug|x86.ActiveCfg = Debug|Any CPU
		{2DB22CFB-9121-42AC-8915-F2BD5FAD50E8}.Debug|x86.Build.0 = Debug|Any CPU
		{2DB22CFB-9121-42AC-8915-F2BD5FAD50E8}.Release|Any CPU.ActiveCfg = Release|Any CPU
		{2DB22CFB-9121-42AC-8915-F2BD5FAD50E8}.Release|Any CPU.Build.0 = Release|Any CPU
		{2DB22CFB-9121-42AC-8915-F2BD5FAD50E8}.Release|x64.ActiveCfg = Release|x64
		{2DB22CFB-9121-42AC-8915-F2BD5FAD50E8}.Release|x64.Build.0 = Release|x64
		{2DB22CFB-9121-42AC-8915-F2BD5FAD50E8}.Release|x86.ActiveCfg = Release|Any CPU
		{2DB22CFB-9121-42AC-8915-F2BD5FAD50E8}.Release|x86.Build.0 = Release|Any CPU
		{1E64450C-0DE5-404C-9D68-D084302EEC1A}.Debug|Any CPU.ActiveCfg = Debug|Any CPU
		{1E64450C-0DE5-404C-9D68-D084302EEC1A}.Debug|Any CPU.Build.0 = Debug|Any CPU
		{1E64450C-0DE5-404C-9D68-D084302EEC1A}.Debug|x64.ActiveCfg = Debug|x64
		{1E64450C-0DE5-404C-9D68-D084302EEC1A}.Debug|x64.Build.0 = Debug|x64
		{1E64450C-0DE5-404C-9D68-D084302EEC1A}.Debug|x86.ActiveCfg = Debug|Any CPU
		{1E64450C-0DE5-404C-9D68-D084302EEC1A}.Debug|x86.Build.0 = Debug|Any CPU
		{1E64450C-0DE5-404C-9D68-D084302EEC1A}.Release|Any CPU.ActiveCfg = Release|Any CPU
		{1E64450C-0DE5-404C-9D68-D084302EEC1A}.Release|Any CPU.Build.0 = Release|Any CPU
		{1E64450C-0DE5-404C-9D68-D084302EEC1A}.Release|x64.ActiveCfg = Release|x64
		{1E64450C-0DE5-404C-9D68-D084302EEC1A}.Release|x64.Build.0 = Release|x64
		{1E64450C-0DE5-404C-9D68-D084302EEC1A}.Release|x86.ActiveCfg = Release|Any CPU
		{1E64450C-0DE5-404C-9D68-D084302EEC1A}.Release|x86.Build.0 = Release|Any CPU
		{27B67DFE-0BF1-4435-B036-E4C083EAEA03}.Debug|Any CPU.ActiveCfg = Debug|Any CPU
		{27B67DFE-0BF1-4435-B036-E4C083EAEA03}.Debug|Any CPU.Build.0 = Debug|Any CPU
		{27B67DFE-0BF1-4435-B036-E4C083EAEA03}.Debug|x64.ActiveCfg = Debug|x64
		{27B67DFE-0BF1-4435-B036-E4C083EAEA03}.Debug|x64.Build.0 = Debug|x64
		{27B67DFE-0BF1-4435-B036-E4C083EAEA03}.Debug|x86.ActiveCfg = Debug|Any CPU
		{27B67DFE-0BF1-4435-B036-E4C083EAEA03}.Debug|x86.Build.0 = Debug|Any CPU
		{27B67DFE-0BF1-4435-B036-E4C083EAEA03}.Release|Any CPU.ActiveCfg = Release|Any CPU
		{27B67DFE-0BF1-4435-B036-E4C083EAEA03}.Release|Any CPU.Build.0 = Release|Any CPU
		{27B67DFE-0BF1-4435-B036-E4C083EAEA03}.Release|x64.ActiveCfg = Release|x64
		{27B67DFE-0BF1-4435-B036-E4C083EAEA03}.Release|x64.Build.0 = Release|x64
		{27B67DFE-0BF1-4435-B036-E4C083EAEA03}.Release|x86.ActiveCfg = Release|Any CPU
		{27B67DFE-0BF1-4435-B036-E4C083EAEA03}.Release|x86.Build.0 = Release|Any CPU
		{C4277B2A-A208-43D2-B6C8-66510B3EB016}.Debug|Any CPU.ActiveCfg = Debug|Any CPU
		{C4277B2A-A208-43D2-B6C8-66510B3EB016}.Debug|Any CPU.Build.0 = Debug|Any CPU
		{C4277B2A-A208-43D2-B6C8-66510B3EB016}.Debug|x64.ActiveCfg = Debug|x64
		{C4277B2A-A208-43D2-B6C8-66510B3EB016}.Debug|x64.Build.0 = Debug|x64
		{C4277B2A-A208-43D2-B6C8-66510B3EB016}.Debug|x86.ActiveCfg = Debug|Any CPU
		{C4277B2A-A208-43D2-B6C8-66510B3EB016}.Debug|x86.Build.0 = Debug|Any CPU
		{C4277B2A-A208-43D2-B6C8-66510B3EB016}.Release|Any CPU.ActiveCfg = Release|Any CPU
		{C4277B2A-A208-43D2-B6C8-66510B3EB016}.Release|Any CPU.Build.0 = Release|Any CPU
		{C4277B2A-A208-43D2-B6C8-66510B3EB016}.Release|x64.ActiveCfg = Release|x64
		{C4277B2A-A208-43D2-B6C8-66510B3EB016}.Release|x64.Build.0 = Release|x64
		{C4277B2A-A208-43D2-B6C8-66510B3EB016}.Release|x86.ActiveCfg = Release|Any CPU
		{C4277B2A-A208-43D2-B6C8-66510B3EB016}.Release|x86.Build.0 = Release|Any CPU
	EndGlobalSection
	GlobalSection(SolutionProperties) = preSolution
		HideSolutionNode = FALSE
	EndGlobalSection
	GlobalSection(NestedProjects) = preSolution
		{4E5618BE-0EE1-4760-B939-893A31EFDF8F} = {8E245085-1EAB-4E7F-B6D0-E7382C53154F}
		{16D0B02C-7859-44AA-B07D-705BF8F22B8C} = {8E245085-1EAB-4E7F-B6D0-E7382C53154F}
		{BF2FB01D-3D28-42F1-907E-7DE72433784F} = {8E245085-1EAB-4E7F-B6D0-E7382C53154F}
		{E87BBF52-F612-40BB-AD3D-D6A20FD635B1} = {8E245085-1EAB-4E7F-B6D0-E7382C53154F}
		{207C5B72-0E68-4BB5-8449-F8AABC3A5AE6} = {E7364685-EE18-4F80-A411-66809A4039AA}
		{2DB22CFB-9121-42AC-8915-F2BD5FAD50E8} = {E7364685-EE18-4F80-A411-66809A4039AA}
		{1E64450C-0DE5-404C-9D68-D084302EEC1A} = {E7364685-EE18-4F80-A411-66809A4039AA}
		{27B67DFE-0BF1-4435-B036-E4C083EAEA03} = {E7364685-EE18-4F80-A411-66809A4039AA}
		{C4277B2A-A208-43D2-B6C8-66510B3EB016} = {E7364685-EE18-4F80-A411-66809A4039AA}
	EndGlobalSection
	GlobalSection(ExtensibilityGlobals) = postSolution
		SolutionGuid = {B12F1DAD-FDE5-4B16-82D6-3471ADECD7BF}
	EndGlobalSection
EndGlobal
